
Microsoft Visual Studio Solution File, Format Version 12.00
# Visual Studio Version 17
VisualStudioVersion = 17.1.32228.430
MinimumVisualStudioVersion = 10.0.40219.1
Project("{8BC9CEB8-8B4A-11D0-8D11-00A0C91BC942}") = "Ember", "Ember\Ember.vcxproj", "{ECA7D22A-1992-4D11-B9A5-6E12D73C519B}"
EndProject
Global
	GlobalSection(SolutionConfigurationPlatforms) = preSolution
		Debug|x64 = Debug|x64
		Debug|x86 = Debug|x86
		Release|x64 = Release|x64
		Release|x86 = Release|x86
	EndGlobalSection
	GlobalSection(ProjectConfigurationPlatforms) = postSolution
		{ECA7D22A-1992-4D11-B9A5-6E12D73C519B}.Debug|x64.ActiveCfg = Debug|x64
		{ECA7D22A-1992-4D11-B9A5-6E12D73C519B}.Debug|x64.Build.0 = Debug|x64
		{ECA7D22A-1992-4D11-B9A5-6E12D73C519B}.Debug|x86.ActiveCfg = Debug|Win32
		{ECA7D22A-1992-4D11-B9A5-6E12D73C519B}.Debug|x86.Build.0 = Debug|Win32
		{ECA7D22A-1992-4D11-B9A5-6E12D73C519B}.Release|x64.ActiveCfg = Release|x64
		{ECA7D22A-1992-4D11-B9A5-6E12D73C519B}.Release|x64.Build.0 = Release|x64
		{ECA7D22A-1992-4D11-B9A5-6E12D73C519B}.Release|x86.ActiveCfg = Release|Win32
		{ECA7D22A-1992-4D11-B9A5-6E12D73C519B}.Release|x86.Build.0 = Release|Win32
	EndGlobalSection
	GlobalSection(SolutionProperties) = preSolution
		HideSolutionNode = FALSE
	EndGlobalSection
	GlobalSection(ExtensibilityGlobals) = postSolution
		SolutionGuid = {35BC516E-7290-43ED-850E-13DC0A640E4A}
	EndGlobalSection
EndGlobal
